
Microsoft Visual Studio Solution File, Format Version 12.00
# Visual Studio Version 17
VisualStudioVersion = 17.6.33829.357
MinimumVisualStudioVersion = 10.0.40219.1
Project("{FAE04EC0-301F-11D3-BF4B-00C04F79EFBC}") = "71_if문(1)", "71_if문(1).csproj", "{4C94CAB4-27D0-4C74-BAC1-1ABD35D520AE}"
EndProject
Global
	GlobalSection(SolutionConfigurationPlatforms) = preSolution
		Debug|Any CPU = Debug|Any CPU
		Release|Any CPU = Release|Any CPU
	EndGlobalSection
	GlobalSection(ProjectConfigurationPlatforms) = postSolution
		{4C94CAB4-27D0-4C74-BAC1-1ABD35D520AE}.Debug|Any CPU.ActiveCfg = Debug|Any CPU
		{4C94CAB4-27D0-4C74-BAC1-1ABD35D520AE}.Debug|Any CPU.Build.0 = Debug|Any CPU
		{4C94CAB4-27D0-4C74-BAC1-1ABD35D520AE}.Release|Any CPU.ActiveCfg = Release|Any CPU
		{4C94CAB4-27D0-4C74-BAC1-1ABD35D520AE}.Release|Any CPU.Build.0 = Release|Any CPU
	EndGlobalSection
	GlobalSection(SolutionProperties) = preSolution
		HideSolutionNode = FALSE
	EndGlobalSection
	GlobalSection(ExtensibilityGlobals) = postSolution
		SolutionGuid = {D1F9D842-2E05-4FA7-990F-CAD981C1DC68}
	EndGlobalSection
EndGlobal
