
Microsoft Visual Studio Solution File, Format Version 12.00
# Visual Studio Version 17
VisualStudioVersion = 17.6.33815.320
MinimumVisualStudioVersion = 10.0.40219.1
Project("{FAE04EC0-301F-11D3-BF4B-00C04F79EFBC}") = "0724_01", "0724_01.csproj", "{31BCB357-B645-4415-939D-CD510757FF13}"
EndProject
Global
	GlobalSection(SolutionConfigurationPlatforms) = preSolution
		Debug|Any CPU = Debug|Any CPU
		Release|Any CPU = Release|Any CPU
	EndGlobalSection
	GlobalSection(ProjectConfigurationPlatforms) = postSolution
		{31BCB357-B645-4415-939D-CD510757FF13}.Debug|Any CPU.ActiveCfg = Debug|Any CPU
		{31BCB357-B645-4415-939D-CD510757FF13}.Debug|Any CPU.Build.0 = Debug|Any CPU
		{31BCB357-B645-4415-939D-CD510757FF13}.Release|Any CPU.ActiveCfg = Release|Any CPU
		{31BCB357-B645-4415-939D-CD510757FF13}.Release|Any CPU.Build.0 = Release|Any CPU
	EndGlobalSection
	GlobalSection(SolutionProperties) = preSolution
		HideSolutionNode = FALSE
	EndGlobalSection
	GlobalSection(ExtensibilityGlobals) = postSolution
		SolutionGuid = {24D28C13-ACBA-4C4D-8261-43BABBDB9160}
	EndGlobalSection
EndGlobal
