
Microsoft Visual Studio Solution File, Format Version 12.00
# Visual Studio Version 17
VisualStudioVersion = 17.6.33829.357
MinimumVisualStudioVersion = 10.0.40219.1
Project("{FAE04EC0-301F-11D3-BF4B-00C04F79EFBC}") = "0803_04", "0803_04.csproj", "{B550172D-9B35-499D-92EF-35362A25F3D8}"
EndProject
Global
	GlobalSection(SolutionConfigurationPlatforms) = preSolution
		Debug|Any CPU = Debug|Any CPU
		Release|Any CPU = Release|Any CPU
	EndGlobalSection
	GlobalSection(ProjectConfigurationPlatforms) = postSolution
		{B550172D-9B35-499D-92EF-35362A25F3D8}.Debug|Any CPU.ActiveCfg = Debug|Any CPU
		{B550172D-9B35-499D-92EF-35362A25F3D8}.Debug|Any CPU.Build.0 = Debug|Any CPU
		{B550172D-9B35-499D-92EF-35362A25F3D8}.Release|Any CPU.ActiveCfg = Release|Any CPU
		{B550172D-9B35-499D-92EF-35362A25F3D8}.Release|Any CPU.Build.0 = Release|Any CPU
	EndGlobalSection
	GlobalSection(SolutionProperties) = preSolution
		HideSolutionNode = FALSE
	EndGlobalSection
	GlobalSection(ExtensibilityGlobals) = postSolution
		SolutionGuid = {B85B3511-B0FE-4B3D-84E8-EE72B0E1DC6C}
	EndGlobalSection
EndGlobal
