
Microsoft Visual Studio Solution File, Format Version 12.00
# Visual Studio Version 17
VisualStudioVersion = 17.6.33815.320
MinimumVisualStudioVersion = 10.0.40219.1
Project("{FAE04EC0-301F-11D3-BF4B-00C04F79EFBC}") = "0713_01_practice", "0713_01_practice.csproj", "{2873A00D-96CE-432F-B53F-E77FB28E992C}"
EndProject
Global
	GlobalSection(SolutionConfigurationPlatforms) = preSolution
		Debug|Any CPU = Debug|Any CPU
		Release|Any CPU = Release|Any CPU
	EndGlobalSection
	GlobalSection(ProjectConfigurationPlatforms) = postSolution
		{2873A00D-96CE-432F-B53F-E77FB28E992C}.Debug|Any CPU.ActiveCfg = Debug|Any CPU
		{2873A00D-96CE-432F-B53F-E77FB28E992C}.Debug|Any CPU.Build.0 = Debug|Any CPU
		{2873A00D-96CE-432F-B53F-E77FB28E992C}.Release|Any CPU.ActiveCfg = Release|Any CPU
		{2873A00D-96CE-432F-B53F-E77FB28E992C}.Release|Any CPU.Build.0 = Release|Any CPU
	EndGlobalSection
	GlobalSection(SolutionProperties) = preSolution
		HideSolutionNode = FALSE
	EndGlobalSection
	GlobalSection(ExtensibilityGlobals) = postSolution
		SolutionGuid = {080D603C-49C5-47B1-B232-64E58562DB58}
	EndGlobalSection
EndGlobal
