
Microsoft Visual Studio Solution File, Format Version 12.00
# Visual Studio Version 17
VisualStudioVersion = 17.6.33815.320
MinimumVisualStudioVersion = 10.0.40219.1
Project("{FAE04EC0-301F-11D3-BF4B-00C04F79EFBC}") = "0711_07_float", "0711_07_float.csproj", "{B06EF962-29FB-4893-80CC-136426DCD223}"
EndProject
Global
	GlobalSection(SolutionConfigurationPlatforms) = preSolution
		Debug|Any CPU = Debug|Any CPU
		Release|Any CPU = Release|Any CPU
	EndGlobalSection
	GlobalSection(ProjectConfigurationPlatforms) = postSolution
		{B06EF962-29FB-4893-80CC-136426DCD223}.Debug|Any CPU.ActiveCfg = Debug|Any CPU
		{B06EF962-29FB-4893-80CC-136426DCD223}.Debug|Any CPU.Build.0 = Debug|Any CPU
		{B06EF962-29FB-4893-80CC-136426DCD223}.Release|Any CPU.ActiveCfg = Release|Any CPU
		{B06EF962-29FB-4893-80CC-136426DCD223}.Release|Any CPU.Build.0 = Release|Any CPU
	EndGlobalSection
	GlobalSection(SolutionProperties) = preSolution
		HideSolutionNode = FALSE
	EndGlobalSection
	GlobalSection(ExtensibilityGlobals) = postSolution
		SolutionGuid = {E18C24E2-AE7E-485A-80B7-B41AFCB62B4E}
	EndGlobalSection
EndGlobal
