
Microsoft Visual Studio Solution File, Format Version 12.00
# Visual Studio Version 17
VisualStudioVersion = 17.6.33829.357
MinimumVisualStudioVersion = 10.0.40219.1
Project("{FAE04EC0-301F-11D3-BF4B-00C04F79EFBC}") = "065_checked, unchecked 문", "065_checked, unchecked 문.csproj", "{2F0226DA-1DD1-4AD5-8D01-B75D351B4B5B}"
EndProject
Global
	GlobalSection(SolutionConfigurationPlatforms) = preSolution
		Debug|Any CPU = Debug|Any CPU
		Release|Any CPU = Release|Any CPU
	EndGlobalSection
	GlobalSection(ProjectConfigurationPlatforms) = postSolution
		{2F0226DA-1DD1-4AD5-8D01-B75D351B4B5B}.Debug|Any CPU.ActiveCfg = Debug|Any CPU
		{2F0226DA-1DD1-4AD5-8D01-B75D351B4B5B}.Debug|Any CPU.Build.0 = Debug|Any CPU
		{2F0226DA-1DD1-4AD5-8D01-B75D351B4B5B}.Release|Any CPU.ActiveCfg = Release|Any CPU
		{2F0226DA-1DD1-4AD5-8D01-B75D351B4B5B}.Release|Any CPU.Build.0 = Release|Any CPU
	EndGlobalSection
	GlobalSection(SolutionProperties) = preSolution
		HideSolutionNode = FALSE
	EndGlobalSection
	GlobalSection(ExtensibilityGlobals) = postSolution
		SolutionGuid = {FF7F8C33-8D69-4427-8717-7460D5287008}
	EndGlobalSection
EndGlobal
