
Microsoft Visual Studio Solution File, Format Version 12.00
# Visual Studio Version 17
VisualStudioVersion = 17.6.33829.357
MinimumVisualStudioVersion = 10.0.40219.1
Project("{FAE04EC0-301F-11D3-BF4B-00C04F79EFBC}") = "037_다차원 배열(1)", "037_다차원 배열(1).csproj", "{57F0EA35-9F2F-4E3F-8734-916D37719F55}"
EndProject
Global
	GlobalSection(SolutionConfigurationPlatforms) = preSolution
		Debug|Any CPU = Debug|Any CPU
		Release|Any CPU = Release|Any CPU
	EndGlobalSection
	GlobalSection(ProjectConfigurationPlatforms) = postSolution
		{57F0EA35-9F2F-4E3F-8734-916D37719F55}.Debug|Any CPU.ActiveCfg = Debug|Any CPU
		{57F0EA35-9F2F-4E3F-8734-916D37719F55}.Debug|Any CPU.Build.0 = Debug|Any CPU
		{57F0EA35-9F2F-4E3F-8734-916D37719F55}.Release|Any CPU.ActiveCfg = Release|Any CPU
		{57F0EA35-9F2F-4E3F-8734-916D37719F55}.Release|Any CPU.Build.0 = Release|Any CPU
	EndGlobalSection
	GlobalSection(SolutionProperties) = preSolution
		HideSolutionNode = FALSE
	EndGlobalSection
	GlobalSection(ExtensibilityGlobals) = postSolution
		SolutionGuid = {BB1CA96D-95A1-4B1E-BF2D-73CFAFF2194C}
	EndGlobalSection
EndGlobal
