
Microsoft Visual Studio Solution File, Format Version 12.00
# Visual Studio Version 17
VisualStudioVersion = 17.6.33815.320
MinimumVisualStudioVersion = 10.0.40219.1
Project("{FAE04EC0-301F-11D3-BF4B-00C04F79EFBC}") = "0712_13_practice", "0712_13_practice.csproj", "{5085578D-CDC0-47C6-985E-73D122EA3230}"
EndProject
Global
	GlobalSection(SolutionConfigurationPlatforms) = preSolution
		Debug|Any CPU = Debug|Any CPU
		Release|Any CPU = Release|Any CPU
	EndGlobalSection
	GlobalSection(ProjectConfigurationPlatforms) = postSolution
		{5085578D-CDC0-47C6-985E-73D122EA3230}.Debug|Any CPU.ActiveCfg = Debug|Any CPU
		{5085578D-CDC0-47C6-985E-73D122EA3230}.Debug|Any CPU.Build.0 = Debug|Any CPU
		{5085578D-CDC0-47C6-985E-73D122EA3230}.Release|Any CPU.ActiveCfg = Release|Any CPU
		{5085578D-CDC0-47C6-985E-73D122EA3230}.Release|Any CPU.Build.0 = Release|Any CPU
	EndGlobalSection
	GlobalSection(SolutionProperties) = preSolution
		HideSolutionNode = FALSE
	EndGlobalSection
	GlobalSection(ExtensibilityGlobals) = postSolution
		SolutionGuid = {6E5D4DFD-976C-46FD-8924-175BEF3FC279}
	EndGlobalSection
EndGlobal
