
Microsoft Visual Studio Solution File, Format Version 12.00
# Visual Studio Version 17
VisualStudioVersion = 17.6.33829.357
MinimumVisualStudioVersion = 10.0.40219.1
Project("{FAE04EC0-301F-11D3-BF4B-00C04F79EFBC}") = "0725_02_", "0725_02_.csproj", "{30F7AD5C-45D9-44A4-8009-2EEC30D1EEB6}"
EndProject
Global
	GlobalSection(SolutionConfigurationPlatforms) = preSolution
		Debug|Any CPU = Debug|Any CPU
		Release|Any CPU = Release|Any CPU
	EndGlobalSection
	GlobalSection(ProjectConfigurationPlatforms) = postSolution
		{30F7AD5C-45D9-44A4-8009-2EEC30D1EEB6}.Debug|Any CPU.ActiveCfg = Debug|Any CPU
		{30F7AD5C-45D9-44A4-8009-2EEC30D1EEB6}.Debug|Any CPU.Build.0 = Debug|Any CPU
		{30F7AD5C-45D9-44A4-8009-2EEC30D1EEB6}.Release|Any CPU.ActiveCfg = Release|Any CPU
		{30F7AD5C-45D9-44A4-8009-2EEC30D1EEB6}.Release|Any CPU.Build.0 = Release|Any CPU
	EndGlobalSection
	GlobalSection(SolutionProperties) = preSolution
		HideSolutionNode = FALSE
	EndGlobalSection
	GlobalSection(ExtensibilityGlobals) = postSolution
		SolutionGuid = {76933819-C670-4BC1-A1DC-C0FA59A7DABA}
	EndGlobalSection
EndGlobal
