
Microsoft Visual Studio Solution File, Format Version 12.00
# Visual Studio Version 17
VisualStudioVersion = 17.6.33829.357
MinimumVisualStudioVersion = 10.0.40219.1
Project("{FAE04EC0-301F-11D3-BF4B-00C04F79EFBC}") = "033_문자와 문자열", "033_문자와 문자열.csproj", "{9081F345-0F1E-4F2F-88C8-15A1A77E7729}"
EndProject
Global
	GlobalSection(SolutionConfigurationPlatforms) = preSolution
		Debug|Any CPU = Debug|Any CPU
		Release|Any CPU = Release|Any CPU
	EndGlobalSection
	GlobalSection(ProjectConfigurationPlatforms) = postSolution
		{9081F345-0F1E-4F2F-88C8-15A1A77E7729}.Debug|Any CPU.ActiveCfg = Debug|Any CPU
		{9081F345-0F1E-4F2F-88C8-15A1A77E7729}.Debug|Any CPU.Build.0 = Debug|Any CPU
		{9081F345-0F1E-4F2F-88C8-15A1A77E7729}.Release|Any CPU.ActiveCfg = Release|Any CPU
		{9081F345-0F1E-4F2F-88C8-15A1A77E7729}.Release|Any CPU.Build.0 = Release|Any CPU
	EndGlobalSection
	GlobalSection(SolutionProperties) = preSolution
		HideSolutionNode = FALSE
	EndGlobalSection
	GlobalSection(ExtensibilityGlobals) = postSolution
		SolutionGuid = {8A3ABD12-F3DF-4B5B-979C-7EA5902B946A}
	EndGlobalSection
EndGlobal
