
Microsoft Visual Studio Solution File, Format Version 12.00
# Visual Studio Version 17
VisualStudioVersion = 17.6.33829.357
MinimumVisualStudioVersion = 10.0.40219.1
Project("{FAE04EC0-301F-11D3-BF4B-00C04F79EFBC}") = "0803_01_practice", "0803_01_practice.csproj", "{625F6719-B360-4DE6-9E4C-787859717D96}"
EndProject
Global
	GlobalSection(SolutionConfigurationPlatforms) = preSolution
		Debug|Any CPU = Debug|Any CPU
		Release|Any CPU = Release|Any CPU
	EndGlobalSection
	GlobalSection(ProjectConfigurationPlatforms) = postSolution
		{625F6719-B360-4DE6-9E4C-787859717D96}.Debug|Any CPU.ActiveCfg = Debug|Any CPU
		{625F6719-B360-4DE6-9E4C-787859717D96}.Debug|Any CPU.Build.0 = Debug|Any CPU
		{625F6719-B360-4DE6-9E4C-787859717D96}.Release|Any CPU.ActiveCfg = Release|Any CPU
		{625F6719-B360-4DE6-9E4C-787859717D96}.Release|Any CPU.Build.0 = Release|Any CPU
	EndGlobalSection
	GlobalSection(SolutionProperties) = preSolution
		HideSolutionNode = FALSE
	EndGlobalSection
	GlobalSection(ExtensibilityGlobals) = postSolution
		SolutionGuid = {805D2C78-ED82-4EAE-B828-0767F9DC293D}
	EndGlobalSection
EndGlobal
