
Microsoft Visual Studio Solution File, Format Version 12.00
# Visual Studio Version 17
VisualStudioVersion = 17.6.33829.357
MinimumVisualStudioVersion = 10.0.40219.1
Project("{FAE04EC0-301F-11D3-BF4B-00C04F79EFBC}") = "059_논리 연산자", "059_논리 연산자.csproj", "{EA3264A5-47AC-49BB-9BA0-D4C5E5C23901}"
EndProject
Global
	GlobalSection(SolutionConfigurationPlatforms) = preSolution
		Debug|Any CPU = Debug|Any CPU
		Release|Any CPU = Release|Any CPU
	EndGlobalSection
	GlobalSection(ProjectConfigurationPlatforms) = postSolution
		{EA3264A5-47AC-49BB-9BA0-D4C5E5C23901}.Debug|Any CPU.ActiveCfg = Debug|Any CPU
		{EA3264A5-47AC-49BB-9BA0-D4C5E5C23901}.Debug|Any CPU.Build.0 = Debug|Any CPU
		{EA3264A5-47AC-49BB-9BA0-D4C5E5C23901}.Release|Any CPU.ActiveCfg = Release|Any CPU
		{EA3264A5-47AC-49BB-9BA0-D4C5E5C23901}.Release|Any CPU.Build.0 = Release|Any CPU
	EndGlobalSection
	GlobalSection(SolutionProperties) = preSolution
		HideSolutionNode = FALSE
	EndGlobalSection
	GlobalSection(ExtensibilityGlobals) = postSolution
		SolutionGuid = {882D4F55-E7E7-42D8-AD1A-4CBFD11CE896}
	EndGlobalSection
EndGlobal
