
Microsoft Visual Studio Solution File, Format Version 12.00
# Visual Studio Version 17
VisualStudioVersion = 17.6.33829.357
MinimumVisualStudioVersion = 10.0.40219.1
Project("{FAE04EC0-301F-11D3-BF4B-00C04F79EFBC}") = "035_배열", "035_배열.csproj", "{1D84C5BB-8CCE-42D6-8ADA-FE8630E07406}"
EndProject
Global
	GlobalSection(SolutionConfigurationPlatforms) = preSolution
		Debug|Any CPU = Debug|Any CPU
		Release|Any CPU = Release|Any CPU
	EndGlobalSection
	GlobalSection(ProjectConfigurationPlatforms) = postSolution
		{1D84C5BB-8CCE-42D6-8ADA-FE8630E07406}.Debug|Any CPU.ActiveCfg = Debug|Any CPU
		{1D84C5BB-8CCE-42D6-8ADA-FE8630E07406}.Debug|Any CPU.Build.0 = Debug|Any CPU
		{1D84C5BB-8CCE-42D6-8ADA-FE8630E07406}.Release|Any CPU.ActiveCfg = Release|Any CPU
		{1D84C5BB-8CCE-42D6-8ADA-FE8630E07406}.Release|Any CPU.Build.0 = Release|Any CPU
	EndGlobalSection
	GlobalSection(SolutionProperties) = preSolution
		HideSolutionNode = FALSE
	EndGlobalSection
	GlobalSection(ExtensibilityGlobals) = postSolution
		SolutionGuid = {729EE297-3CA2-4953-B7A7-53D681D07B89}
	EndGlobalSection
EndGlobal
