
Microsoft Visual Studio Solution File, Format Version 12.00
# Visual Studio Version 17
VisualStudioVersion = 17.6.33829.357
MinimumVisualStudioVersion = 10.0.40219.1
Project("{FAE04EC0-301F-11D3-BF4B-00C04F79EFBC}") = "0803_02_practice", "0803_02_practice.csproj", "{40F33DDF-9635-4E87-9E2B-E9E86EF0C788}"
EndProject
Global
	GlobalSection(SolutionConfigurationPlatforms) = preSolution
		Debug|Any CPU = Debug|Any CPU
		Release|Any CPU = Release|Any CPU
	EndGlobalSection
	GlobalSection(ProjectConfigurationPlatforms) = postSolution
		{40F33DDF-9635-4E87-9E2B-E9E86EF0C788}.Debug|Any CPU.ActiveCfg = Debug|Any CPU
		{40F33DDF-9635-4E87-9E2B-E9E86EF0C788}.Debug|Any CPU.Build.0 = Debug|Any CPU
		{40F33DDF-9635-4E87-9E2B-E9E86EF0C788}.Release|Any CPU.ActiveCfg = Release|Any CPU
		{40F33DDF-9635-4E87-9E2B-E9E86EF0C788}.Release|Any CPU.Build.0 = Release|Any CPU
	EndGlobalSection
	GlobalSection(SolutionProperties) = preSolution
		HideSolutionNode = FALSE
	EndGlobalSection
	GlobalSection(ExtensibilityGlobals) = postSolution
		SolutionGuid = {3672D98A-EED1-40C3-92A5-7739BDB7F0CD}
	EndGlobalSection
EndGlobal
