
Microsoft Visual Studio Solution File, Format Version 12.00
# Visual Studio Version 17
VisualStudioVersion = 17.6.33815.320
MinimumVisualStudioVersion = 10.0.40219.1
Project("{FAE04EC0-301F-11D3-BF4B-00C04F79EFBC}") = "0711_loop_1to10", "0711_loop_1to10.csproj", "{D7E74366-4B32-4F1C-92DF-3B0F8E90E9F3}"
EndProject
Global
	GlobalSection(SolutionConfigurationPlatforms) = preSolution
		Debug|Any CPU = Debug|Any CPU
		Release|Any CPU = Release|Any CPU
	EndGlobalSection
	GlobalSection(ProjectConfigurationPlatforms) = postSolution
		{D7E74366-4B32-4F1C-92DF-3B0F8E90E9F3}.Debug|Any CPU.ActiveCfg = Debug|Any CPU
		{D7E74366-4B32-4F1C-92DF-3B0F8E90E9F3}.Debug|Any CPU.Build.0 = Debug|Any CPU
		{D7E74366-4B32-4F1C-92DF-3B0F8E90E9F3}.Release|Any CPU.ActiveCfg = Release|Any CPU
		{D7E74366-4B32-4F1C-92DF-3B0F8E90E9F3}.Release|Any CPU.Build.0 = Release|Any CPU
	EndGlobalSection
	GlobalSection(SolutionProperties) = preSolution
		HideSolutionNode = FALSE
	EndGlobalSection
	GlobalSection(ExtensibilityGlobals) = postSolution
		SolutionGuid = {DD27C788-23EA-4342-B9A7-B8A33D387074}
	EndGlobalSection
EndGlobal
